
Microsoft Visual Studio Solution File, Format Version 12.00
# Visual Studio Version 16
VisualStudioVersion = 16.0.31515.178
MinimumVisualStudioVersion = 10.0.40219.1
Project("{8BC9CEB8-8B4A-11D0-8D11-00A0C91BC942}") = "45616_homework2_group1", "45616_homework2_group1.vcxproj", "{FCB8D5CC-351C-4727-B9A0-A2244799A9B5}"
EndProject
Global
	GlobalSection(SolutionConfigurationPlatforms) = preSolution
		Debug|x64 = Debug|x64
		Debug|x86 = Debug|x86
		Release|x64 = Release|x64
		Release|x86 = Release|x86
	EndGlobalSection
	GlobalSection(ProjectConfigurationPlatforms) = postSolution
		{FCB8D5CC-351C-4727-B9A0-A2244799A9B5}.Debug|x64.ActiveCfg = Debug|x64
		{FCB8D5CC-351C-4727-B9A0-A2244799A9B5}.Debug|x64.Build.0 = Debug|x64
		{FCB8D5CC-351C-4727-B9A0-A2244799A9B5}.Debug|x86.ActiveCfg = Debug|Win32
		{FCB8D5CC-351C-4727-B9A0-A2244799A9B5}.Debug|x86.Build.0 = Debug|Win32
		{FCB8D5CC-351C-4727-B9A0-A2244799A9B5}.Release|x64.ActiveCfg = Release|x64
		{FCB8D5CC-351C-4727-B9A0-A2244799A9B5}.Release|x64.Build.0 = Release|x64
		{FCB8D5CC-351C-4727-B9A0-A2244799A9B5}.Release|x86.ActiveCfg = Release|Win32
		{FCB8D5CC-351C-4727-B9A0-A2244799A9B5}.Release|x86.Build.0 = Release|Win32
	EndGlobalSection
	GlobalSection(SolutionProperties) = preSolution
		HideSolutionNode = FALSE
	EndGlobalSection
	GlobalSection(ExtensibilityGlobals) = postSolution
		SolutionGuid = {8122B992-3239-4A28-97D7-FF4FC9018416}
	EndGlobalSection
EndGlobal
