
Microsoft Visual Studio Solution File, Format Version 12.00
# Visual Studio Version 17
VisualStudioVersion = 17.11.35222.181
MinimumVisualStudioVersion = 10.0.40219.1
Project("{8BC9CEB8-8B4A-11D0-8D11-00A0C91BC942}") = "examGalya45616", "examGalya45616.vcxproj", "{8A2C1BF2-266D-4B21-81AB-92C8C12B7475}"
EndProject
Global
	GlobalSection(SolutionConfigurationPlatforms) = preSolution
		Debug|x64 = Debug|x64
		Debug|x86 = Debug|x86
		Release|x64 = Release|x64
		Release|x86 = Release|x86
	EndGlobalSection
	GlobalSection(ProjectConfigurationPlatforms) = postSolution
		{8A2C1BF2-266D-4B21-81AB-92C8C12B7475}.Debug|x64.ActiveCfg = Debug|x64
		{8A2C1BF2-266D-4B21-81AB-92C8C12B7475}.Debug|x64.Build.0 = Debug|x64
		{8A2C1BF2-266D-4B21-81AB-92C8C12B7475}.Debug|x86.ActiveCfg = Debug|Win32
		{8A2C1BF2-266D-4B21-81AB-92C8C12B7475}.Debug|x86.Build.0 = Debug|Win32
		{8A2C1BF2-266D-4B21-81AB-92C8C12B7475}.Release|x64.ActiveCfg = Release|x64
		{8A2C1BF2-266D-4B21-81AB-92C8C12B7475}.Release|x64.Build.0 = Release|x64
		{8A2C1BF2-266D-4B21-81AB-92C8C12B7475}.Release|x86.ActiveCfg = Release|Win32
		{8A2C1BF2-266D-4B21-81AB-92C8C12B7475}.Release|x86.Build.0 = Release|Win32
	EndGlobalSection
	GlobalSection(SolutionProperties) = preSolution
		HideSolutionNode = FALSE
	EndGlobalSection
	GlobalSection(ExtensibilityGlobals) = postSolution
		SolutionGuid = {9917A52A-57D4-41C2-AC80-ED151DD59C52}
	EndGlobalSection
EndGlobal
